{
  "name": "docx-merger",
  "version": "1.2.2",
  "lockfileVersion": 3,
  "requires": true,
  "packages": {
    "": {
      "name": "docx-merger",
      "version": "1.2.2",
      "license": "MIT",
      "dependencies": {
        "@xmldom/xmldom": "^0.8.13",
        "jszip": "^2.6.1"
      },
      "devDependencies": {
        "docx-merger-v1": "npm:docx-merger@1.2.2",
        "fflate": "^0.8.2"
      }
    },
    "node_modules/@xmldom/xmldom": {
      "version": "0.8.13",
      "resolved": "https://registry.npmjs.org/@xmldom/xmldom/-/xmldom-0.8.13.tgz",
      "integrity": "sha512-KRYzxepc14G/CEpEGc3Yn+JKaAeT63smlDr+vjB8jRfgTBBI9wRj/nkQEO+ucV8p8I9bfKLWp37uHgFrbntPvw==",
      "license": "MIT",
      "engines": {
        "node": ">=10.0.0"
      }
    },
    "node_modules/docx-merger-v1": {
      "name": "docx-merger",
      "version": "1.2.2",
      "resolved": "https://registry.npmjs.org/docx-merger/-/docx-merger-1.2.2.tgz",
      "integrity": "sha512-hHfswb8pxq/zsY59N+Keigie4xhfgNe4rDCFTQtcVoKOLAgG5aEz1a1fkG8VuGPS2vqCuxS9x5hxW6i1SPBbSw==",
      "dev": true,
      "license": "MIT",
      "dependencies": {
        "jszip": "^2.6.1",
        "xmldom": "^0.1.27"
      }
    },
    "node_modules/fflate": {
      "version": "0.8.3",
      "resolved": "https://registry.npmjs.org/fflate/-/fflate-0.8.3.tgz",
      "integrity": "sha512-tbZNuJrLwGUp3zshBtdy4W+ORxZuIh8a5ilyIEQDC5rY1f3U20JMry0Ll3WBzU58EZKsEuJFXhb5gwv8CsPvgA==",
      "dev": true,
      "license": "MIT"
    },
    "node_modules/jszip": {
      "version": "2.6.1",
      "resolved": "https://registry.npmjs.org/jszip/-/jszip-2.6.1.tgz",
      "integrity": "sha1-uI86ey5noqBIFSmCx6N1bZxIKPA= sha512-C4Z++nYQv+CudUkCWUdz+yKVhQiFJjuWSmRJ5Sg3d3/OzcJ6U4ooUYlmE3+rJXrVk89KWQaiJ9mPp/VLQ4D66g==",
      "license": "(MIT OR GPL-3.0)",
      "dependencies": {
        "pako": "~1.0.2"
      }
    },
    "node_modules/pako": {
      "version": "1.0.8",
      "resolved": "https://registry.npmjs.org/pako/-/pako-1.0.8.tgz",
      "integrity": "sha512-6i0HVbUfcKaTv+EG8ZTr75az7GFXcLYk9UyLEg7Notv/Ma+z/UG3TCoz6GiNeOrn1E/e63I0X/Hpw18jHOTUnA==",
      "license": "(MIT AND Zlib)"
    },
    "node_modules/xmldom": {
      "version": "0.1.27",
      "resolved": "https://registry.npmjs.org/xmldom/-/xmldom-0.1.27.tgz",
      "integrity": "sha1-1QH5ezvbQDr4757MIFcxh6rawOk= sha512-7WpJBYwyhvsddFJA51SOIU0Be9W44sbGGjc6Z3ly8Wx/Wl7nriMPZ5xf6Np9ASlJ6gACfXcTLukm4DtX372lFw==",
      "deprecated": "Deprecated due to CVE-2021-21366 resolved in 0.5.0",
      "dev": true,
      "engines": {
        "node": ">=0.1"
      }
    }
  }
}
